
Microsoft Visual Studio Solution File, Format Version 12.00
# Visual Studio Version 17
VisualStudioVersion = 17.11.35312.102
MinimumVisualStudioVersion = 10.0.40219.1
Project("{FAE04EC0-301F-11D3-BF4B-00C04F79EFBC}") = "Console_ToDo", "Console_ToDo\Console_ToDo.csproj", "{2035E570-7D45-4AEC-8B02-B0D52EA14185}"
EndProject
Global
	GlobalSection(SolutionConfigurationPlatforms) = preSolution
		Debug|Any CPU = Debug|Any CPU
		Release|Any CPU = Release|Any CPU
	EndGlobalSection
	GlobalSection(ProjectConfigurationPlatforms) = postSolution
		{2035E570-7D45-4AEC-8B02-B0D52EA14185}.Debug|Any CPU.ActiveCfg = Debug|Any CPU
		{2035E570-7D45-4AEC-8B02-B0D52EA14185}.Debug|Any CPU.Build.0 = Debug|Any CPU
		{2035E570-7D45-4AEC-8B02-B0D52EA14185}.Release|Any CPU.ActiveCfg = Release|Any CPU
		{2035E570-7D45-4AEC-8B02-B0D52EA14185}.Release|Any CPU.Build.0 = Release|Any CPU
	EndGlobalSection
	GlobalSection(SolutionProperties) = preSolution
		HideSolutionNode = FALSE
	EndGlobalSection
	GlobalSection(ExtensibilityGlobals) = postSolution
		SolutionGuid = {B98CD3C4-DDEE-402D-B1B0-11680501157E}
	EndGlobalSection
EndGlobal
